{
    "_meta": {
        "hash": {
            "sha256": "e13f5bc4fc1bfe80908eeebdba51c1ea6c5f4344ee157e983d52686bbb643c93"
        },
        "pipfile-spec": 6,
        "requires": {
            "python_version": "3.7"
        },
        "sources": [
            {
                "name": "pypi",
                "url": "https://pypi.org/simple",
                "verify_ssl": true
            }
        ]
    },
    "default": {
        "master": {
            "git": "https://github.com/sash-ko/simobility.git",
            "ref": "88653246bd49fe95c4f8a9d945b1341c5ba027a2"
        }
    },
    "develop": {}
}
