{
    "_meta": {
        "hash": {
            "sha256": "187df7fe6982a9fd505459dbe91e5e72c23b391f3b78a997c9e1803e472351b9"
        },
        "pipfile-spec": 6,
        "requires": {
            "python_version": "3.7"
        },
        "sources": [
            {
                "name": "pypi",
                "url": "https://pypi.org/simple",
                "verify_ssl": true
            }
        ]
    },
    "default": {
        "master": {
            "git": "https://github.com/sash-ko/simobility.git",
            "ref": "29800c3c2bd6a172385f549a3c78aadfb8b3c7ee"
        }
    },
    "develop": {}
}
