{
    "_meta": {
        "hash": {
            "sha256": "aa81623ef1d0c4a02bc6ab95a8a9497a1dfbee6935174a4314cea428980276cd"
        },
        "pipfile-spec": 6,
        "requires": {
            "python_version": "3.7"
        },
        "sources": [
            {
                "name": "pypi",
                "url": "https://pypi.org/simple",
                "verify_ssl": true
            }
        ]
    },
    "default": {
        "master": {
            "git": "https://github.com/sash-ko/simobility.git",
            "ref": "410011dfa721e69119439144253803f478620d2e"
        }
    },
    "develop": {}
}
